// !$*UTF8*$!
{
	archiveVersion = 1;
	classes = {
	};
	objectVersion = 56;
	objects = {

/* Begin PBXBuildFile section */
		810780F72AFFD3D700151BDB /* AppDelegate.swift in Sources */ = {isa = PBXBuildFile; fileRef = 810780F62AFFD3D700151BDB /* AppDelegate.swift */; };
		810780F92AFFD3D700151BDB /* SceneDelegate.swift in Sources */ = {isa = PBXBuildFile; fileRef = 810780F82AFFD3D700151BDB /* SceneDelegate.swift */; };
		810780FB2AFFD3D700151BDB /* ViewController.swift in Sources */ = {isa = PBXBuildFile; fileRef = 810780FA2AFFD3D700151BDB /* ViewController.swift */; };
		810780FE2AFFD3D700151BDB /* Main.storyboard in Resources */ = {isa = PBXBuildFile; fileRef = 810780FC2AFFD3D700151BDB /* Main.storyboard */; };
		810781002AFFD3D800151BDB /* Assets.xcassets in Resources */ = {isa = PBXBuildFile; fileRef = 810780FF2AFFD3D800151BDB /* Assets.xcassets */; };
		810781032AFFD3D800151BDB /* LaunchScreen.storyboard in Resources */ = {isa = PBXBuildFile; fileRef = 810781012AFFD3D800151BDB /* LaunchScreen.storyboard */; };
		819C52802B12E64D00DF8429 /* FirebaseAnalytics in Frameworks */ = {isa = PBXBuildFile; productRef = 819C527F2B12E64D00DF8429 /* FirebaseAnalytics */; };
		819C52822B12E64D00DF8429 /* FirebaseAnalyticsOnDeviceConversion in Frameworks */ = {isa = PBXBuildFile; productRef = 819C52812B12E64D00DF8429 /* FirebaseAnalyticsOnDeviceConversion */; };
		819C52842B12E64D00DF8429 /* FirebaseAnalyticsSwift in Frameworks */ = {isa = PBXBuildFile; productRef = 819C52832B12E64D00DF8429 /* FirebaseAnalyticsSwift */; };
		819C52862B12E64D00DF8429 /* FirebaseAnalyticsWithoutAdIdSupport in Frameworks */ = {isa = PBXBuildFile; productRef = 819C52852B12E64D00DF8429 /* FirebaseAnalyticsWithoutAdIdSupport */; };
		819C52882B12E64D00DF8429 /* FirebaseAppCheck in Frameworks */ = {isa = PBXBuildFile; productRef = 819C52872B12E64D00DF8429 /* FirebaseAppCheck */; };
		819C528A2B12E64D00DF8429 /* FirebaseAppDistribution-Beta in Frameworks */ = {isa = PBXBuildFile; productRef = 819C52892B12E64D00DF8429 /* FirebaseAppDistribution-Beta */; };
		819C528C2B12E64D00DF8429 /* FirebaseAuth in Frameworks */ = {isa = PBXBuildFile; productRef = 819C528B2B12E64D00DF8429 /* FirebaseAuth */; };
		819C528E2B12E64D00DF8429 /* FirebaseAuthCombine-Community in Frameworks */ = {isa = PBXBuildFile; productRef = 819C528D2B12E64D00DF8429 /* FirebaseAuthCombine-Community */; };
		819C52902B12E64D00DF8429 /* FirebaseCrashlytics in Frameworks */ = {isa = PBXBuildFile; productRef = 819C528F2B12E64D00DF8429 /* FirebaseCrashlytics */; };
		819C52922B12E64D00DF8429 /* FirebaseDatabase in Frameworks */ = {isa = PBXBuildFile; productRef = 819C52912B12E64D00DF8429 /* FirebaseDatabase */; };
		819C52942B12E64D00DF8429 /* FirebaseDatabaseSwift in Frameworks */ = {isa = PBXBuildFile; productRef = 819C52932B12E64D00DF8429 /* FirebaseDatabaseSwift */; };
		819C52962B12E64D00DF8429 /* FirebaseDynamicLinks in Frameworks */ = {isa = PBXBuildFile; productRef = 819C52952B12E64D00DF8429 /* FirebaseDynamicLinks */; };
		819C52982B12E64D00DF8429 /* FirebaseFirestore in Frameworks */ = {isa = PBXBuildFile; productRef = 819C52972B12E64D00DF8429 /* FirebaseFirestore */; };
		819C529A2B12E64D00DF8429 /* FirebaseFirestoreCombine-Community in Frameworks */ = {isa = PBXBuildFile; productRef = 819C52992B12E64D00DF8429 /* FirebaseFirestoreCombine-Community */; };
		819C529C2B12E64D00DF8429 /* FirebaseFirestoreSwift in Frameworks */ = {isa = PBXBuildFile; productRef = 819C529B2B12E64D00DF8429 /* FirebaseFirestoreSwift */; };
		819C529E2B12E64D00DF8429 /* FirebaseFunctions in Frameworks */ = {isa = PBXBuildFile; productRef = 819C529D2B12E64D00DF8429 /* FirebaseFunctions */; };
		819C52A02B12E64D00DF8429 /* FirebaseFunctionsCombine-Community in Frameworks */ = {isa = PBXBuildFile; productRef = 819C529F2B12E64D00DF8429 /* FirebaseFunctionsCombine-Community */; };
		819C52A22B12E64D00DF8429 /* FirebaseInAppMessaging-Beta in Frameworks */ = {isa = PBXBuildFile; productRef = 819C52A12B12E64D00DF8429 /* FirebaseInAppMessaging-Beta */; };
		819C52A42B12E64D00DF8429 /* FirebaseInAppMessagingSwift-Beta in Frameworks */ = {isa = PBXBuildFile; productRef = 819C52A32B12E64D00DF8429 /* FirebaseInAppMessagingSwift-Beta */; };
		819C52A62B12E64D00DF8429 /* FirebaseInstallations in Frameworks */ = {isa = PBXBuildFile; productRef = 819C52A52B12E64D00DF8429 /* FirebaseInstallations */; };
		819C52A82B12E64D00DF8429 /* FirebaseMLModelDownloader in Frameworks */ = {isa = PBXBuildFile; productRef = 819C52A72B12E64D00DF8429 /* FirebaseMLModelDownloader */; };
		819C52AA2B12E64D00DF8429 /* FirebaseMessaging in Frameworks */ = {isa = PBXBuildFile; productRef = 819C52A92B12E64D00DF8429 /* FirebaseMessaging */; };
		819C52AC2B12E64D00DF8429 /* FirebasePerformance in Frameworks */ = {isa = PBXBuildFile; productRef = 819C52AB2B12E64D00DF8429 /* FirebasePerformance */; };
		819C52AE2B12E64D00DF8429 /* FirebaseRemoteConfig in Frameworks */ = {isa = PBXBuildFile; productRef = 819C52AD2B12E64D00DF8429 /* FirebaseRemoteConfig */; };
		819C52B02B12E64D00DF8429 /* FirebaseRemoteConfigSwift in Frameworks */ = {isa = PBXBuildFile; productRef = 819C52AF2B12E64D00DF8429 /* FirebaseRemoteConfigSwift */; };
		819C52B22B12E64D00DF8429 /* FirebaseStorage in Frameworks */ = {isa = PBXBuildFile; productRef = 819C52B12B12E64D00DF8429 /* FirebaseStorage */; };
		819C52B42B12E64D00DF8429 /* FirebaseStorageCombine-Community in Frameworks */ = {isa = PBXBuildFile; productRef = 819C52B32B12E64D00DF8429 /* FirebaseStorageCombine-Community */; };
		81B11EDA2B01DA94002B9212 /* GoogleService-Info.plist in Resources */ = {isa = PBXBuildFile; fileRef = 81B11ED92B01DA94002B9212 /* GoogleService-Info.plist */; };
		81B11EDC2B01DEC5002B9212 /* LoginViewController.swift in Sources */ = {isa = PBXBuildFile; fileRef = 81B11EDB2B01DEC5002B9212 /* LoginViewController.swift */; };
/* End PBXBuildFile section */

/* Begin PBXFileReference section */
		810780F32AFFD3D700151BDB /* MyMessagingApp.app */ = {isa = PBXFileReference; explicitFileType = wrapper.application; includeInIndex = 0; path = MyMessagingApp.app; sourceTree = BUILT_PRODUCTS_DIR; };
		810780F62AFFD3D700151BDB /* AppDelegate.swift */ = {isa = PBXFileReference; lastKnownFileType = sourcecode.swift; path = AppDelegate.swift; sourceTree = "<group>"; };
		810780F82AFFD3D700151BDB /* SceneDelegate.swift */ = {isa = PBXFileReference; lastKnownFileType = sourcecode.swift; path = SceneDelegate.swift; sourceTree = "<group>"; };
		810780FA2AFFD3D700151BDB /* ViewController.swift */ = {isa = PBXFileReference; lastKnownFileType = sourcecode.swift; path = ViewController.swift; sourceTree = "<group>"; };
		810780FD2AFFD3D700151BDB /* Base */ = {isa = PBXFileReference; lastKnownFileType = file.storyboard; name = Base; path = Base.lproj/Main.storyboard; sourceTree = "<group>"; };
		810780FF2AFFD3D800151BDB /* Assets.xcassets */ = {isa = PBXFileReference; lastKnownFileType = folder.assetcatalog; path = Assets.xcassets; sourceTree = "<group>"; };
		810781022AFFD3D800151BDB /* Base */ = {isa = PBXFileReference; lastKnownFileType = file.storyboard; name = Base; path = Base.lproj/LaunchScreen.storyboard; sourceTree = "<group>"; };
		810781042AFFD3D800151BDB /* Info.plist */ = {isa = PBXFileReference; lastKnownFileType = text.plist.xml; path = Info.plist; sourceTree = "<group>"; };
		81B11ED92B01DA94002B9212 /* GoogleService-Info.plist */ = {isa = PBXFileReference; fileEncoding = 4; lastKnownFileType = text.plist.xml; path = "GoogleService-Info.plist"; sourceTree = "<group>"; };
		81B11EDB2B01DEC5002B9212 /* LoginViewController.swift */ = {isa = PBXFileReference; lastKnownFileType = sourcecode.swift; path = LoginViewController.swift; sourceTree = "<group>"; };
/* End PBXFileReference section */

/* Begin PBXFrameworksBuildPhase section */
		810780F02AFFD3D700151BDB /* Frameworks */ = {
			isa = PBXFrameworksBuildPhase;
			buildActionMask = 2147483647;
			files = (
				819C52922B12E64D00DF8429 /* FirebaseDatabase in Frameworks */,
				819C52A02B12E64D00DF8429 /* FirebaseFunctionsCombine-Community in Frameworks */,
				819C52982B12E64D00DF8429 /* FirebaseFirestore in Frameworks */,
				819C52842B12E64D00DF8429 /* FirebaseAnalyticsSwift in Frameworks */,
				819C52802B12E64D00DF8429 /* FirebaseAnalytics in Frameworks */,
				819C52822B12E64D00DF8429 /* FirebaseAnalyticsOnDeviceConversion in Frameworks */,
				819C52A82B12E64D00DF8429 /* FirebaseMLModelDownloader in Frameworks */,
				819C529C2B12E64D00DF8429 /* FirebaseFirestoreSwift in Frameworks */,
				819C52882B12E64D00DF8429 /* FirebaseAppCheck in Frameworks */,
				819C52862B12E64D00DF8429 /* FirebaseAnalyticsWithoutAdIdSupport in Frameworks */,
				819C528C2B12E64D00DF8429 /* FirebaseAuth in Frameworks */,
				819C52902B12E64D00DF8429 /* FirebaseCrashlytics in Frameworks */,
				819C52B02B12E64D00DF8429 /* FirebaseRemoteConfigSwift in Frameworks */,
				819C52A22B12E64D00DF8429 /* FirebaseInAppMessaging-Beta in Frameworks */,
				819C52942B12E64D00DF8429 /* FirebaseDatabaseSwift in Frameworks */,
				819C529E2B12E64D00DF8429 /* FirebaseFunctions in Frameworks */,
				819C52B42B12E64D00DF8429 /* FirebaseStorageCombine-Community in Frameworks */,
				819C52AE2B12E64D00DF8429 /* FirebaseRemoteConfig in Frameworks */,
				819C528A2B12E64D00DF8429 /* FirebaseAppDistribution-Beta in Frameworks */,
				819C528E2B12E64D00DF8429 /* FirebaseAuthCombine-Community in Frameworks */,
				819C52AC2B12E64D00DF8429 /* FirebasePerformance in Frameworks */,
				819C52A42B12E64D00DF8429 /* FirebaseInAppMessagingSwift-Beta in Frameworks */,
				819C52B22B12E64D00DF8429 /* FirebaseStorage in Frameworks */,
				819C52962B12E64D00DF8429 /* FirebaseDynamicLinks in Frameworks */,
				819C529A2B12E64D00DF8429 /* FirebaseFirestoreCombine-Community in Frameworks */,
				819C52AA2B12E64D00DF8429 /* FirebaseMessaging in Frameworks */,
				819C52A62B12E64D00DF8429 /* FirebaseInstallations in Frameworks */,
			);
			runOnlyForDeploymentPostprocessing = 0;
		};
/* End PBXFrameworksBuildPhase section */

/* Begin PBXGroup section */
		00387AFF42E2A7AFB53FA436 /* Pods */ = {
			isa = PBXGroup;
			children = (
			);
			path = Pods;
			sourceTree = "<group>";
		};
		810780EA2AFFD3D700151BDB = {
			isa = PBXGroup;
			children = (
				810780F52AFFD3D700151BDB /* MyMessagingApp */,
				810780F42AFFD3D700151BDB /* Products */,
				00387AFF42E2A7AFB53FA436 /* Pods */,
			);
			sourceTree = "<group>";
		};
		810780F42AFFD3D700151BDB /* Products */ = {
			isa = PBXGroup;
			children = (
				810780F32AFFD3D700151BDB /* MyMessagingApp.app */,
			);
			name = Products;
			sourceTree = "<group>";
		};
		810780F52AFFD3D700151BDB /* MyMessagingApp */ = {
			isa = PBXGroup;
			children = (
				810780F62AFFD3D700151BDB /* AppDelegate.swift */,
				810780F82AFFD3D700151BDB /* SceneDelegate.swift */,
				810780FA2AFFD3D700151BDB /* ViewController.swift */,
				810780FC2AFFD3D700151BDB /* Main.storyboard */,
				810780FF2AFFD3D800151BDB /* Assets.xcassets */,
				810781012AFFD3D800151BDB /* LaunchScreen.storyboard */,
				810781042AFFD3D800151BDB /* Info.plist */,
				81B11ED92B01DA94002B9212 /* GoogleService-Info.plist */,
				81B11EDB2B01DEC5002B9212 /* LoginViewController.swift */,
			);
			path = MyMessagingApp;
			sourceTree = "<group>";
		};
/* End PBXGroup section */

/* Begin PBXNativeTarget section */
		810780F22AFFD3D700151BDB /* MyMessagingApp */ = {
			isa = PBXNativeTarget;
			buildConfigurationList = 810781072AFFD3D800151BDB /* Build configuration list for PBXNativeTarget "MyMessagingApp" */;
			buildPhases = (
				810780EF2AFFD3D700151BDB /* Sources */,
				810780F02AFFD3D700151BDB /* Frameworks */,
				810780F12AFFD3D700151BDB /* Resources */,
			);
			buildRules = (
			);
			dependencies = (
			);
			name = MyMessagingApp;
			packageProductDependencies = (
				819C527F2B12E64D00DF8429 /* FirebaseAnalytics */,
				819C52812B12E64D00DF8429 /* FirebaseAnalyticsOnDeviceConversion */,
				819C52832B12E64D00DF8429 /* FirebaseAnalyticsSwift */,
				819C52852B12E64D00DF8429 /* FirebaseAnalyticsWithoutAdIdSupport */,
				819C52872B12E64D00DF8429 /* FirebaseAppCheck */,
				819C52892B12E64D00DF8429 /* FirebaseAppDistribution-Beta */,
				819C528B2B12E64D00DF8429 /* FirebaseAuth */,
				819C528D2B12E64D00DF8429 /* FirebaseAuthCombine-Community */,
				819C528F2B12E64D00DF8429 /* FirebaseCrashlytics */,
				819C52912B12E64D00DF8429 /* FirebaseDatabase */,
				819C52932B12E64D00DF8429 /* FirebaseDatabaseSwift */,
				819C52952B12E64D00DF8429 /* FirebaseDynamicLinks */,
				819C52972B12E64D00DF8429 /* FirebaseFirestore */,
				819C52992B12E64D00DF8429 /* FirebaseFirestoreCombine-Community */,
				819C529B2B12E64D00DF8429 /* FirebaseFirestoreSwift */,
				819C529D2B12E64D00DF8429 /* FirebaseFunctions */,
				819C529F2B12E64D00DF8429 /* FirebaseFunctionsCombine-Community */,
				819C52A12B12E64D00DF8429 /* FirebaseInAppMessaging-Beta */,
				819C52A32B12E64D00DF8429 /* FirebaseInAppMessagingSwift-Beta */,
				819C52A52B12E64D00DF8429 /* FirebaseInstallations */,
				819C52A72B12E64D00DF8429 /* FirebaseMLModelDownloader */,
				819C52A92B12E64D00DF8429 /* FirebaseMessaging */,
				819C52AB2B12E64D00DF8429 /* FirebasePerformance */,
				819C52AD2B12E64D00DF8429 /* FirebaseRemoteConfig */,
				819C52AF2B12E64D00DF8429 /* FirebaseRemoteConfigSwift */,
				819C52B12B12E64D00DF8429 /* FirebaseStorage */,
				819C52B32B12E64D00DF8429 /* FirebaseStorageCombine-Community */,
			);
			productName = MyMessagingApp;
			productReference = 810780F32AFFD3D700151BDB /* MyMessagingApp.app */;
			productType = "com.apple.product-type.application";
		};
/* End PBXNativeTarget section */

/* Begin PBXProject section */
		810780EB2AFFD3D700151BDB /* Project object */ = {
			isa = PBXProject;
			attributes = {
				BuildIndependentTargetsInParallel = 1;
				LastSwiftUpdateCheck = 1430;
				LastUpgradeCheck = 1430;
				TargetAttributes = {
					810780F22AFFD3D700151BDB = {
						CreatedOnToolsVersion = 14.3.1;
					};
				};
			};
			buildConfigurationList = 810780EE2AFFD3D700151BDB /* Build configuration list for PBXProject "MyMessagingApp" */;
			compatibilityVersion = "Xcode 14.0";
			developmentRegion = en;
			hasScannedForEncodings = 0;
			knownRegions = (
				en,
				Base,
			);
			mainGroup = 810780EA2AFFD3D700151BDB;
			packageReferences = (
				819C527E2B12E64D00DF8429 /* XCRemoteSwiftPackageReference "firebase-ios-sdk" */,
			);
			productRefGroup = 810780F42AFFD3D700151BDB /* Products */;
			projectDirPath = "";
			projectRoot = "";
			targets = (
				810780F22AFFD3D700151BDB /* MyMessagingApp */,
			);
		};
/* End PBXProject section */

/* Begin PBXResourcesBuildPhase section */
		810780F12AFFD3D700151BDB /* Resources */ = {
			isa = PBXResourcesBuildPhase;
			buildActionMask = 2147483647;
			files = (
				81B11EDA2B01DA94002B9212 /* GoogleService-Info.plist in Resources */,
				810781032AFFD3D800151BDB /* LaunchScreen.storyboard in Resources */,
				810781002AFFD3D800151BDB /* Assets.xcassets in Resources */,
				810780FE2AFFD3D700151BDB /* Main.storyboard in Resources */,
			);
			runOnlyForDeploymentPostprocessing = 0;
		};
/* End PBXResourcesBuildPhase section */

/* Begin PBXSourcesBuildPhase section */
		810780EF2AFFD3D700151BDB /* Sources */ = {
			isa = PBXSourcesBuildPhase;
			buildActionMask = 2147483647;
			files = (
				81B11EDC2B01DEC5002B9212 /* LoginViewController.swift in Sources */,
				810780FB2AFFD3D700151BDB /* ViewController.swift in Sources */,
				810780F72AFFD3D700151BDB /* AppDelegate.swift in Sources */,
				810780F92AFFD3D700151BDB /* SceneDelegate.swift in Sources */,
			);
			runOnlyForDeploymentPostprocessing = 0;
		};
/* End PBXSourcesBuildPhase section */

/* Begin PBXVariantGroup section */
		810780FC2AFFD3D700151BDB /* Main.storyboard */ = {
			isa = PBXVariantGroup;
			children = (
				810780FD2AFFD3D700151BDB /* Base */,
			);
			name = Main.storyboard;
			sourceTree = "<group>";
		};
		810781012AFFD3D800151BDB /* LaunchScreen.storyboard */ = {
			isa = PBXVariantGroup;
			children = (
				810781022AFFD3D800151BDB /* Base */,
			);
			name = LaunchScreen.storyboard;
			sourceTree = "<group>";
		};
/* End PBXVariantGroup section */

/* Begin XCBuildConfiguration section */
		810781052AFFD3D800151BDB /* Debug */ = {
			isa = XCBuildConfiguration;
			buildSettings = {
				ALWAYS_SEARCH_USER_PATHS = NO;
				CLANG_ANALYZER_NONNULL = YES;
				CLANG_ANALYZER_NUMBER_OBJECT_CONVERSION = YES_AGGRESSIVE;
				CLANG_CXX_LANGUAGE_STANDARD = "gnu++20";
				CLANG_ENABLE_MODULES = YES;
				CLANG_ENABLE_OBJC_ARC = YES;
				CLANG_ENABLE_OBJC_WEAK = YES;
				CLANG_WARN_BLOCK_CAPTURE_AUTORELEASING = YES;
				CLANG_WARN_BOOL_CONVERSION = YES;
				CLANG_WARN_COMMA = YES;
				CLANG_WARN_CONSTANT_CONVERSION = YES;
				CLANG_WARN_DEPRECATED_OBJC_IMPLEMENTATIONS = YES;
				CLANG_WARN_DIRECT_OBJC_ISA_USAGE = YES_ERROR;
				CLANG_WARN_DOCUMENTATION_COMMENTS = YES;
				CLANG_WARN_EMPTY_BODY = YES;
				CLANG_WARN_ENUM_CONVERSION = YES;
				CLANG_WARN_INFINITE_RECURSION = YES;
				CLANG_WARN_INT_CONVERSION = YES;
				CLANG_WARN_NON_LITERAL_NULL_CONVERSION = YES;
				CLANG_WARN_OBJC_IMPLICIT_RETAIN_SELF = YES;
				CLANG_WARN_OBJC_LITERAL_CONVERSION = YES;
				CLANG_WARN_OBJC_ROOT_CLASS = YES_ERROR;
				CLANG_WARN_QUOTED_INCLUDE_IN_FRAMEWORK_HEADER = YES;
				CLANG_WARN_RANGE_LOOP_ANALYSIS = YES;
				CLANG_WARN_STRICT_PROTOTYPES = YES;
				CLANG_WARN_SUSPICIOUS_MOVE = YES;
				CLANG_WARN_UNGUARDED_AVAILABILITY = YES_AGGRESSIVE;
				CLANG_WARN_UNREACHABLE_CODE = YES;
				CLANG_WARN__DUPLICATE_METHOD_MATCH = YES;
				COPY_PHASE_STRIP = NO;
				DEBUG_INFORMATION_FORMAT = dwarf;
				ENABLE_STRICT_OBJC_MSGSEND = YES;
				ENABLE_TESTABILITY = YES;
				GCC_C_LANGUAGE_STANDARD = gnu11;
				GCC_DYNAMIC_NO_PIC = NO;
				GCC_NO_COMMON_BLOCKS = YES;
				GCC_OPTIMIZATION_LEVEL = 0;
				GCC_PREPROCESSOR_DEFINITIONS = (
					"DEBUG=1",
					"$(inherited)",
				);
				GCC_WARN_64_TO_32_BIT_CONVERSION = YES;
				GCC_WARN_ABOUT_RETURN_TYPE = YES_ERROR;
				GCC_WARN_UNDECLARED_SELECTOR = YES;
				GCC_WARN_UNINITIALIZED_AUTOS = YES_AGGRESSIVE;
				GCC_WARN_UNUSED_FUNCTION = YES;
				GCC_WARN_UNUSED_VARIABLE = YES;
				IPHONEOS_DEPLOYMENT_TARGET = 16.4;
				MTL_ENABLE_DEBUG_INFO = INCLUDE_SOURCE;
				MTL_FAST_MATH = YES;
				ONLY_ACTIVE_ARCH = YES;
				SDKROOT = iphoneos;
				SWIFT_ACTIVE_COMPILATION_CONDITIONS = DEBUG;
				SWIFT_OPTIMIZATION_LEVEL = "-Onone";
			};
			name = Debug;
		};
		810781062AFFD3D800151BDB /* Release */ = {
			isa = XCBuildConfiguration;
			buildSettings = {
				ALWAYS_SEARCH_USER_PATHS = NO;
				CLANG_ANALYZER_NONNULL = YES;
				CLANG_ANALYZER_NUMBER_OBJECT_CONVERSION = YES_AGGRESSIVE;
				CLANG_CXX_LANGUAGE_STANDARD = "gnu++20";
				CLANG_ENABLE_MODULES = YES;
				CLANG_ENABLE_OBJC_ARC = YES;
				CLANG_ENABLE_OBJC_WEAK = YES;
				CLANG_WARN_BLOCK_CAPTURE_AUTORELEASING = YES;
				CLANG_WARN_BOOL_CONVERSION = YES;
				CLANG_WARN_COMMA = YES;
				CLANG_WARN_CONSTANT_CONVERSION = YES;
				CLANG_WARN_DEPRECATED_OBJC_IMPLEMENTATIONS = YES;
				CLANG_WARN_DIRECT_OBJC_ISA_USAGE = YES_ERROR;
				CLANG_WARN_DOCUMENTATION_COMMENTS = YES;
				CLANG_WARN_EMPTY_BODY = YES;
				CLANG_WARN_ENUM_CONVERSION = YES;
				CLANG_WARN_INFINITE_RECURSION = YES;
				CLANG_WARN_INT_CONVERSION = YES;
				CLANG_WARN_NON_LITERAL_NULL_CONVERSION = YES;
				CLANG_WARN_OBJC_IMPLICIT_RETAIN_SELF = YES;
				CLANG_WARN_OBJC_LITERAL_CONVERSION = YES;
				CLANG_WARN_OBJC_ROOT_CLASS = YES_ERROR;
				CLANG_WARN_QUOTED_INCLUDE_IN_FRAMEWORK_HEADER = YES;
				CLANG_WARN_RANGE_LOOP_ANALYSIS = YES;
				CLANG_WARN_STRICT_PROTOTYPES = YES;
				CLANG_WARN_SUSPICIOUS_MOVE = YES;
				CLANG_WARN_UNGUARDED_AVAILABILITY = YES_AGGRESSIVE;
				CLANG_WARN_UNREACHABLE_CODE = YES;
				CLANG_WARN__DUPLICATE_METHOD_MATCH = YES;
				COPY_PHASE_STRIP = NO;
				DEBUG_INFORMATION_FORMAT = "dwarf-with-dsym";
				ENABLE_NS_ASSERTIONS = NO;
				ENABLE_STRICT_OBJC_MSGSEND = YES;
				GCC_C_LANGUAGE_STANDARD = gnu11;
				GCC_NO_COMMON_BLOCKS = YES;
				GCC_WARN_64_TO_32_BIT_CONVERSION = YES;
				GCC_WARN_ABOUT_RETURN_TYPE = YES_ERROR;
				GCC_WARN_UNDECLARED_SELECTOR = YES;
				GCC_WARN_UNINITIALIZED_AUTOS = YES_AGGRESSIVE;
				GCC_WARN_UNUSED_FUNCTION = YES;
				GCC_WARN_UNUSED_VARIABLE = YES;
				IPHONEOS_DEPLOYMENT_TARGET = 16.4;
				MTL_ENABLE_DEBUG_INFO = NO;
				MTL_FAST_MATH = YES;
				SDKROOT = iphoneos;
				SWIFT_COMPILATION_MODE = wholemodule;
				SWIFT_OPTIMIZATION_LEVEL = "-O";
				VALIDATE_PRODUCT = YES;
			};
			name = Release;
		};
		810781082AFFD3D800151BDB /* Debug */ = {
			isa = XCBuildConfiguration;
			buildSettings = {
				ASSETCATALOG_COMPILER_APPICON_NAME = AppIcon;
				ASSETCATALOG_COMPILER_GLOBAL_ACCENT_COLOR_NAME = AccentColor;
				CODE_SIGN_STYLE = Automatic;
				CURRENT_PROJECT_VERSION = 1;
				DEVELOPMENT_TEAM = 4CJW76Y9FL;
				GENERATE_INFOPLIST_FILE = YES;
				INFOPLIST_FILE = MyMessagingApp/Info.plist;
				INFOPLIST_KEY_UIApplicationSupportsIndirectInputEvents = YES;
				INFOPLIST_KEY_UILaunchStoryboardName = LaunchScreen;
				INFOPLIST_KEY_UIMainStoryboardFile = Main;
				INFOPLIST_KEY_UISupportedInterfaceOrientations_iPad = "UIInterfaceOrientationPortrait UIInterfaceOrientationPortraitUpsideDown UIInterfaceOrientationLandscapeLeft UIInterfaceOrientationLandscapeRight";
				INFOPLIST_KEY_UISupportedInterfaceOrientations_iPhone = "UIInterfaceOrientationPortrait UIInterfaceOrientationLandscapeLeft UIInterfaceOrientationLandscapeRight";
				LD_RUNPATH_SEARCH_PATHS = (
					"$(inherited)",
					"@executable_path/Frameworks",
				);
				MARKETING_VERSION = 1.0;
				PRODUCT_BUNDLE_IDENTIFIER = Sahil.Amrut.Agashe.com.MyMessagingApp;
				PRODUCT_NAME = "$(TARGET_NAME)";
				SWIFT_EMIT_LOC_STRINGS = YES;
				SWIFT_VERSION = 5.0;
				TARGETED_DEVICE_FAMILY = "1,2";
			};
			name = Debug;
		};
		810781092AFFD3D800151BDB /* Release */ = {
			isa = XCBuildConfiguration;
			buildSettings = {
				ASSETCATALOG_COMPILER_APPICON_NAME = AppIcon;
				ASSETCATALOG_COMPILER_GLOBAL_ACCENT_COLOR_NAME = AccentColor;
				CODE_SIGN_STYLE = Automatic;
				CURRENT_PROJECT_VERSION = 1;
				DEVELOPMENT_TEAM = 4CJW76Y9FL;
				GENERATE_INFOPLIST_FILE = YES;
				INFOPLIST_FILE = MyMessagingApp/Info.plist;
				INFOPLIST_KEY_UIApplicationSupportsIndirectInputEvents = YES;
				INFOPLIST_KEY_UILaunchStoryboardName = LaunchScreen;
				INFOPLIST_KEY_UIMainStoryboardFile = Main;
				INFOPLIST_KEY_UISupportedInterfaceOrientations_iPad = "UIInterfaceOrientationPortrait UIInterfaceOrientationPortraitUpsideDown UIInterfaceOrientationLandscapeLeft UIInterfaceOrientationLandscapeRight";
				INFOPLIST_KEY_UISupportedInterfaceOrientations_iPhone = "UIInterfaceOrientationPortrait UIInterfaceOrientationLandscapeLeft UIInterfaceOrientationLandscapeRight";
				LD_RUNPATH_SEARCH_PATHS = (
					"$(inherited)",
					"@executable_path/Frameworks",
				);
				MARKETING_VERSION = 1.0;
				PRODUCT_BUNDLE_IDENTIFIER = Sahil.Amrut.Agashe.com.MyMessagingApp;
				PRODUCT_NAME = "$(TARGET_NAME)";
				SWIFT_EMIT_LOC_STRINGS = YES;
				SWIFT_VERSION = 5.0;
				TARGETED_DEVICE_FAMILY = "1,2";
			};
			name = Release;
		};
/* End XCBuildConfiguration section */

/* Begin XCConfigurationList section */
		810780EE2AFFD3D700151BDB /* Build configuration list for PBXProject "MyMessagingApp" */ = {
			isa = XCConfigurationList;
			buildConfigurations = (
				810781052AFFD3D800151BDB /* Debug */,
				810781062AFFD3D800151BDB /* Release */,
			);
			defaultConfigurationIsVisible = 0;
			defaultConfigurationName = Release;
		};
		810781072AFFD3D800151BDB /* Build configuration list for PBXNativeTarget "MyMessagingApp" */ = {
			isa = XCConfigurationList;
			buildConfigurations = (
				810781082AFFD3D800151BDB /* Debug */,
				810781092AFFD3D800151BDB /* Release */,
			);
			defaultConfigurationIsVisible = 0;
			defaultConfigurationName = Release;
		};
/* End XCConfigurationList section */

/* Begin XCRemoteSwiftPackageReference section */
		819C527E2B12E64D00DF8429 /* XCRemoteSwiftPackageReference "firebase-ios-sdk" */ = {
			isa = XCRemoteSwiftPackageReference;
			repositoryURL = "https://github.com/firebase/firebase-ios-sdk.git";
			requirement = {
				kind = upToNextMajorVersion;
				minimumVersion = 10.18.0;
			};
		};
/* End XCRemoteSwiftPackageReference section */

/* Begin XCSwiftPackageProductDependency section */
		819C527F2B12E64D00DF8429 /* FirebaseAnalytics */ = {
			isa = XCSwiftPackageProductDependency;
			package = 819C527E2B12E64D00DF8429 /* XCRemoteSwiftPackageReference "firebase-ios-sdk" */;
			productName = FirebaseAnalytics;
		};
		819C52812B12E64D00DF8429 /* FirebaseAnalyticsOnDeviceConversion */ = {
			isa = XCSwiftPackageProductDependency;
			package = 819C527E2B12E64D00DF8429 /* XCRemoteSwiftPackageReference "firebase-ios-sdk" */;
			productName = FirebaseAnalyticsOnDeviceConversion;
		};
		819C52832B12E64D00DF8429 /* FirebaseAnalyticsSwift */ = {
			isa = XCSwiftPackageProductDependency;
			package = 819C527E2B12E64D00DF8429 /* XCRemoteSwiftPackageReference "firebase-ios-sdk" */;
			productName = FirebaseAnalyticsSwift;
		};
		819C52852B12E64D00DF8429 /* FirebaseAnalyticsWithoutAdIdSupport */ = {
			isa = XCSwiftPackageProductDependency;
			package = 819C527E2B12E64D00DF8429 /* XCRemoteSwiftPackageReference "firebase-ios-sdk" */;
			productName = FirebaseAnalyticsWithoutAdIdSupport;
		};
		819C52872B12E64D00DF8429 /* FirebaseAppCheck */ = {
			isa = XCSwiftPackageProductDependency;
			package = 819C527E2B12E64D00DF8429 /* XCRemoteSwiftPackageReference "firebase-ios-sdk" */;
			productName = FirebaseAppCheck;
		};
		819C52892B12E64D00DF8429 /* FirebaseAppDistribution-Beta */ = {
			isa = XCSwiftPackageProductDependency;
			package = 819C527E2B12E64D00DF8429 /* XCRemoteSwiftPackageReference "firebase-ios-sdk" */;
			productName = "FirebaseAppDistribution-Beta";
		};
		819C528B2B12E64D00DF8429 /* FirebaseAuth */ = {
			isa = XCSwiftPackageProductDependency;
			package = 819C527E2B12E64D00DF8429 /* XCRemoteSwiftPackageReference "firebase-ios-sdk" */;
			productName = FirebaseAuth;
		};
		819C528D2B12E64D00DF8429 /* FirebaseAuthCombine-Community */ = {
			isa = XCSwiftPackageProductDependency;
			package = 819C527E2B12E64D00DF8429 /* XCRemoteSwiftPackageReference "firebase-ios-sdk" */;
			productName = "FirebaseAuthCombine-Community";
		};
		819C528F2B12E64D00DF8429 /* FirebaseCrashlytics */ = {
			isa = XCSwiftPackageProductDependency;
			package = 819C527E2B12E64D00DF8429 /* XCRemoteSwiftPackageReference "firebase-ios-sdk" */;
			productName = FirebaseCrashlytics;
		};
		819C52912B12E64D00DF8429 /* FirebaseDatabase */ = {
			isa = XCSwiftPackageProductDependency;
			package = 819C527E2B12E64D00DF8429 /* XCRemoteSwiftPackageReference "firebase-ios-sdk" */;
			productName = FirebaseDatabase;
		};
		819C52932B12E64D00DF8429 /* FirebaseDatabaseSwift */ = {
			isa = XCSwiftPackageProductDependency;
			package = 819C527E2B12E64D00DF8429 /* XCRemoteSwiftPackageReference "firebase-ios-sdk" */;
			productName = FirebaseDatabaseSwift;
		};
		819C52952B12E64D00DF8429 /* FirebaseDynamicLinks */ = {
			isa = XCSwiftPackageProductDependency;
			package = 819C527E2B12E64D00DF8429 /* XCRemoteSwiftPackageReference "firebase-ios-sdk" */;
			productName = FirebaseDynamicLinks;
		};
		819C52972B12E64D00DF8429 /* FirebaseFirestore */ = {
			isa = XCSwiftPackageProductDependency;
			package = 819C527E2B12E64D00DF8429 /* XCRemoteSwiftPackageReference "firebase-ios-sdk" */;
			productName = FirebaseFirestore;
		};
		819C52992B12E64D00DF8429 /* FirebaseFirestoreCombine-Community */ = {
			isa = XCSwiftPackageProductDependency;
			package = 819C527E2B12E64D00DF8429 /* XCRemoteSwiftPackageReference "firebase-ios-sdk" */;
			productName = "FirebaseFirestoreCombine-Community";
		};
		819C529B2B12E64D00DF8429 /* FirebaseFirestoreSwift */ = {
			isa = XCSwiftPackageProductDependency;
			package = 819C527E2B12E64D00DF8429 /* XCRemoteSwiftPackageReference "firebase-ios-sdk" */;
			productName = FirebaseFirestoreSwift;
		};
		819C529D2B12E64D00DF8429 /* FirebaseFunctions */ = {
			isa = XCSwiftPackageProductDependency;
			package = 819C527E2B12E64D00DF8429 /* XCRemoteSwiftPackageReference "firebase-ios-sdk" */;
			productName = FirebaseFunctions;
		};
		819C529F2B12E64D00DF8429 /* FirebaseFunctionsCombine-Community */ = {
			isa = XCSwiftPackageProductDependency;
			package = 819C527E2B12E64D00DF8429 /* XCRemoteSwiftPackageReference "firebase-ios-sdk" */;
			productName = "FirebaseFunctionsCombine-Community";
		};
		819C52A12B12E64D00DF8429 /* FirebaseInAppMessaging-Beta */ = {
			isa = XCSwiftPackageProductDependency;
			package = 819C527E2B12E64D00DF8429 /* XCRemoteSwiftPackageReference "firebase-ios-sdk" */;
			productName = "FirebaseInAppMessaging-Beta";
		};
		819C52A32B12E64D00DF8429 /* FirebaseInAppMessagingSwift-Beta */ = {
			isa = XCSwiftPackageProductDependency;
			package = 819C527E2B12E64D00DF8429 /* XCRemoteSwiftPackageReference "firebase-ios-sdk" */;
			productName = "FirebaseInAppMessagingSwift-Beta";
		};
		819C52A52B12E64D00DF8429 /* FirebaseInstallations */ = {
			isa = XCSwiftPackageProductDependency;
			package = 819C527E2B12E64D00DF8429 /* XCRemoteSwiftPackageReference "firebase-ios-sdk" */;
			productName = FirebaseInstallations;
		};
		819C52A72B12E64D00DF8429 /* FirebaseMLModelDownloader */ = {
			isa = XCSwiftPackageProductDependency;
			package = 819C527E2B12E64D00DF8429 /* XCRemoteSwiftPackageReference "firebase-ios-sdk" */;
			productName = FirebaseMLModelDownloader;
		};
		819C52A92B12E64D00DF8429 /* FirebaseMessaging */ = {
			isa = XCSwiftPackageProductDependency;
			package = 819C527E2B12E64D00DF8429 /* XCRemoteSwiftPackageReference "firebase-ios-sdk" */;
			productName = FirebaseMessaging;
		};
		819C52AB2B12E64D00DF8429 /* FirebasePerformance */ = {
			isa = XCSwiftPackageProductDependency;
			package = 819C527E2B12E64D00DF8429 /* XCRemoteSwiftPackageReference "firebase-ios-sdk" */;
			productName = FirebasePerformance;
		};
		819C52AD2B12E64D00DF8429 /* FirebaseRemoteConfig */ = {
			isa = XCSwiftPackageProductDependency;
			package = 819C527E2B12E64D00DF8429 /* XCRemoteSwiftPackageReference "firebase-ios-sdk" */;
			productName = FirebaseRemoteConfig;
		};
		819C52AF2B12E64D00DF8429 /* FirebaseRemoteConfigSwift */ = {
			isa = XCSwiftPackageProductDependency;
			package = 819C527E2B12E64D00DF8429 /* XCRemoteSwiftPackageReference "firebase-ios-sdk" */;
			productName = FirebaseRemoteConfigSwift;
		};
		819C52B12B12E64D00DF8429 /* FirebaseStorage */ = {
			isa = XCSwiftPackageProductDependency;
			package = 819C527E2B12E64D00DF8429 /* XCRemoteSwiftPackageReference "firebase-ios-sdk" */;
			productName = FirebaseStorage;
		};
		819C52B32B12E64D00DF8429 /* FirebaseStorageCombine-Community */ = {
			isa = XCSwiftPackageProductDependency;
			package = 819C527E2B12E64D00DF8429 /* XCRemoteSwiftPackageReference "firebase-ios-sdk" */;
			productName = "FirebaseStorageCombine-Community";
		};
/* End XCSwiftPackageProductDependency section */
	};
	rootObject = 810780EB2AFFD3D700151BDB /* Project object */;
}
